
Microsoft Visual Studio Solution File, Format Version 12.00
# Visual Studio 15
VisualStudioVersion = 15.0.27428.2015
MinimumVisualStudioVersion = 10.0.40219.1
Project("{9A19103F-16F7-4668-BE54-9A1E7A4F7556}") = "ServiceProcessWatcher.Console", "ServiceProcessWatcher.Console\ServiceProcessWatcher.Console.csproj", "{8A8FCC07-765F-434F-A0AE-8B21FB1F84A6}"
EndProject
Project("{9A19103F-16F7-4668-BE54-9A1E7A4F7556}") = "ServiceProcessWatcher.Logging", "ServiceProcessWatcher.Logging\ServiceProcessWatcher.Logging.csproj", "{31DBDDFF-9724-438A-9F06-89A2437336BE}"
EndProject
Project("{9A19103F-16F7-4668-BE54-9A1E7A4F7556}") = "ServiceProcessWatcher.ServiceManagement", "ServiceProcessWatcher.ServiceManagement\ServiceProcessWatcher.ServiceManagement.csproj", "{C892C0D2-3C1B-4EFE-8D65-F15E32C2A0E5}"
EndProject
Project("{2150E333-8FDC-42A3-9474-1A3956D46DE8}") = "samples", "samples", "{93CEEAF8-96F6-4E1C-9F8B-5682DCAE369B}"
	ProjectSection(SolutionItems) = preProject
		..\..\samples\basic.json = ..\..\samples\basic.json
	EndProjectSection
EndProject
Project("{9A19103F-16F7-4668-BE54-9A1E7A4F7556}") = "ServiceProcessWatcher.ETW", "ServiceProcessWatcher.ETW\ServiceProcessWatcher.ETW.csproj", "{558DE85C-70D5-4667-9350-1AE20DE35C86}"
EndProject
Project("{9A19103F-16F7-4668-BE54-9A1E7A4F7556}") = "ServiceProcessWatcher.EventLog", "ServiceProcessWatcher.EventLog\ServiceProcessWatcher.EventLog.csproj", "{B6B3D3DB-C80F-4109-AF1D-F36E0B850193}"
EndProject
Project("{FAE04EC0-301F-11D3-BF4B-00C04F79EFBC}") = "ServiceProcessWatcher.LogFile", "ServiceProcessWatcher.LogFile\ServiceProcessWatcher.LogFile.csproj", "{32DBD0F9-7EB5-41BD-B1CB-04D62624A7FA}"
EndProject
Global
	GlobalSection(SolutionConfigurationPlatforms) = preSolution
		Debug|Any CPU = Debug|Any CPU
		Release|Any CPU = Release|Any CPU
	EndGlobalSection
	GlobalSection(ProjectConfigurationPlatforms) = postSolution
		{8A8FCC07-765F-434F-A0AE-8B21FB1F84A6}.Debug|Any CPU.ActiveCfg = Debug|Any CPU
		{8A8FCC07-765F-434F-A0AE-8B21FB1F84A6}.Debug|Any CPU.Build.0 = Debug|Any CPU
		{8A8FCC07-765F-434F-A0AE-8B21FB1F84A6}.Release|Any CPU.ActiveCfg = Release|Any CPU
		{8A8FCC07-765F-434F-A0AE-8B21FB1F84A6}.Release|Any CPU.Build.0 = Release|Any CPU
		{31DBDDFF-9724-438A-9F06-89A2437336BE}.Debug|Any CPU.ActiveCfg = Debug|Any CPU
		{31DBDDFF-9724-438A-9F06-89A2437336BE}.Debug|Any CPU.Build.0 = Debug|Any CPU
		{31DBDDFF-9724-438A-9F06-89A2437336BE}.Release|Any CPU.ActiveCfg = Release|Any CPU
		{31DBDDFF-9724-438A-9F06-89A2437336BE}.Release|Any CPU.Build.0 = Release|Any CPU
		{C892C0D2-3C1B-4EFE-8D65-F15E32C2A0E5}.Debug|Any CPU.ActiveCfg = Debug|Any CPU
		{C892C0D2-3C1B-4EFE-8D65-F15E32C2A0E5}.Debug|Any CPU.Build.0 = Debug|Any CPU
		{C892C0D2-3C1B-4EFE-8D65-F15E32C2A0E5}.Release|Any CPU.ActiveCfg = Release|Any CPU
		{C892C0D2-3C1B-4EFE-8D65-F15E32C2A0E5}.Release|Any CPU.Build.0 = Release|Any CPU
		{558DE85C-70D5-4667-9350-1AE20DE35C86}.Debug|Any CPU.ActiveCfg = Debug|Any CPU
		{558DE85C-70D5-4667-9350-1AE20DE35C86}.Debug|Any CPU.Build.0 = Debug|Any CPU
		{558DE85C-70D5-4667-9350-1AE20DE35C86}.Release|Any CPU.ActiveCfg = Release|Any CPU
		{558DE85C-70D5-4667-9350-1AE20DE35C86}.Release|Any CPU.Build.0 = Release|Any CPU
		{B6B3D3DB-C80F-4109-AF1D-F36E0B850193}.Debug|Any CPU.ActiveCfg = Debug|Any CPU
		{B6B3D3DB-C80F-4109-AF1D-F36E0B850193}.Debug|Any CPU.Build.0 = Debug|Any CPU
		{B6B3D3DB-C80F-4109-AF1D-F36E0B850193}.Release|Any CPU.ActiveCfg = Release|Any CPU
		{B6B3D3DB-C80F-4109-AF1D-F36E0B850193}.Release|Any CPU.Build.0 = Release|Any CPU
		{32DBD0F9-7EB5-41BD-B1CB-04D62624A7FA}.Debug|Any CPU.ActiveCfg = Debug|Any CPU
		{32DBD0F9-7EB5-41BD-B1CB-04D62624A7FA}.Debug|Any CPU.Build.0 = Debug|Any CPU
		{32DBD0F9-7EB5-41BD-B1CB-04D62624A7FA}.Release|Any CPU.ActiveCfg = Release|Any CPU
		{32DBD0F9-7EB5-41BD-B1CB-04D62624A7FA}.Release|Any CPU.Build.0 = Release|Any CPU
	EndGlobalSection
	GlobalSection(SolutionProperties) = preSolution
		HideSolutionNode = FALSE
	EndGlobalSection
	GlobalSection(ExtensibilityGlobals) = postSolution
		SolutionGuid = {CD030D5E-BFFC-4C60-ADD0-E481166F43B5}
	EndGlobalSection
EndGlobal
